{
  "name": "uniapp-zhihudaily-vue",
  "lockfileVersion": 2,
  "requires": true,
  "packages": {
    "": {
      "dependencies": {
        "uni-read-pages": "^1.0.5",
        "uni-simple-router": "^2.0.6"
      }
    },
    "node_modules/uni-read-pages": {
      "version": "1.0.5",
      "resolved": "https://registry.nlark.com/uni-read-pages/download/uni-read-pages-1.0.5.tgz",
      "integrity": "sha1-RSyNyqiXe7rvYAkJvpJsjZcEOHw="
    },
    "node_modules/uni-simple-router": {
      "version": "2.0.6",
      "resolved": "https://registry.nlark.com/uni-simple-router/download/uni-simple-router-2.0.6.tgz",
      "integrity": "sha1-9tSNbSl2bEskcbsBkZKYnnhPtoQ="
    }
  },
  "dependencies": {
    "uni-read-pages": {
      "version": "1.0.5",
      "resolved": "https://registry.nlark.com/uni-read-pages/download/uni-read-pages-1.0.5.tgz",
      "integrity": "sha1-RSyNyqiXe7rvYAkJvpJsjZcEOHw="
    },
    "uni-simple-router": {
      "version": "2.0.6",
      "resolved": "https://registry.nlark.com/uni-simple-router/download/uni-simple-router-2.0.6.tgz",
      "integrity": "sha1-9tSNbSl2bEskcbsBkZKYnnhPtoQ="
    }
  }
}
